
Microsoft Visual Studio Solution File, Format Version 12.00
# Visual Studio Version 17
VisualStudioVersion = 17.11.35312.102
MinimumVisualStudioVersion = 10.0.40219.1
Project("{FAE04EC0-301F-11D3-BF4B-00C04F79EFBC}") = "TODO_List", "TODO_List\TODO_List.csproj", "{99B80D14-2E2C-41D0-A419-82EAA7491A74}"
EndProject
Global
	GlobalSection(SolutionConfigurationPlatforms) = preSolution
		Debug|Any CPU = Debug|Any CPU
		Release|Any CPU = Release|Any CPU
	EndGlobalSection
	GlobalSection(ProjectConfigurationPlatforms) = postSolution
		{99B80D14-2E2C-41D0-A419-82EAA7491A74}.Debug|Any CPU.ActiveCfg = Debug|Any CPU
		{99B80D14-2E2C-41D0-A419-82EAA7491A74}.Debug|Any CPU.Build.0 = Debug|Any CPU
		{99B80D14-2E2C-41D0-A419-82EAA7491A74}.Release|Any CPU.ActiveCfg = Release|Any CPU
		{99B80D14-2E2C-41D0-A419-82EAA7491A74}.Release|Any CPU.Build.0 = Release|Any CPU
	EndGlobalSection
	GlobalSection(SolutionProperties) = preSolution
		HideSolutionNode = FALSE
	EndGlobalSection
	GlobalSection(ExtensibilityGlobals) = postSolution
		SolutionGuid = {AF8849F8-1019-4108-827A-694E7DCA1D7F}
	EndGlobalSection
EndGlobal
